
Microsoft Visual Studio Solution File, Format Version 11.00
# Visual C++ Express 2010
Project("{8BC9CEB8-8B4A-11D0-8D11-00A0C91BC942}") = "CL_R81", "CL_R81\CL_R81.vcxproj", "{A91B18ED-72E8-474E-9BFF-AB215D6CED08}"
EndProject
Global
	GlobalSection(SolutionConfigurationPlatforms) = preSolution
		Debug|Win32 = Debug|Win32
		Release|Win32 = Release|Win32
	EndGlobalSection
	GlobalSection(ProjectConfigurationPlatforms) = postSolution
		{A91B18ED-72E8-474E-9BFF-AB215D6CED08}.Debug|Win32.ActiveCfg = Debug|Win32
		{A91B18ED-72E8-474E-9BFF-AB215D6CED08}.Debug|Win32.Build.0 = Debug|Win32
		{A91B18ED-72E8-474E-9BFF-AB215D6CED08}.Release|Win32.ActiveCfg = Release|Win32
		{A91B18ED-72E8-474E-9BFF-AB215D6CED08}.Release|Win32.Build.0 = Release|Win32
	EndGlobalSection
	GlobalSection(SolutionProperties) = preSolution
		HideSolutionNode = FALSE
	EndGlobalSection
EndGlobal
